{
  "name": "lab1",
  "version": "1.0.0",
  "lockfileVersion": 3,
  "requires": true,
  "packages": {
    "": {
      "name": "lab1",
      "version": "1.0.0",
      "license": "ISC",
      "dependencies": {
        "json-rules-engine": "^6.1.2"
      }
    },
    "node_modules/clone": {
      "version": "2.1.2",
      "resolved": "https://registry.npmjs.org/clone/-/clone-2.1.2.tgz",
      "integrity": "sha512-3Pe/CF1Nn94hyhIYpjtiLhdCoEoz0DqQ+988E9gmeEdQZlojxnOb74wctFyuwWQHzqyf9X7C7MG8juUpqBJT8w==",
      "engines": {
        "node": ">=0.8"
      }
    },
    "node_modules/eventemitter2": {
      "version": "6.4.9",
      "resolved": "https://registry.npmjs.org/eventemitter2/-/eventemitter2-6.4.9.tgz",
      "integrity": "sha512-JEPTiaOt9f04oa6NOkc4aH+nVp5I3wEjpHbIPqfgCdD5v5bUzy7xQqwcVO2aDQgOWhI28da57HksMrzK9HlRxg=="
    },
    "node_modules/hash-it": {
      "version": "5.0.2",
      "resolved": "https://registry.npmjs.org/hash-it/-/hash-it-5.0.2.tgz",
      "integrity": "sha512-csU3E/a9QEmEgPPxoShVuMcFWM329IGioEPRvYVBv3r5BFrU8pCfnk3jGEVvriAcwqd+nl6KsNhPPjg8MUzkhQ=="
    },
    "node_modules/json-rules-engine": {
      "version": "6.1.2",
      "resolved": "https://registry.npmjs.org/json-rules-engine/-/json-rules-engine-6.1.2.tgz",
      "integrity": "sha512-+rtKuJ33HAvFywL9broh42FA9hkZNmS0l1DmgjP7nfGJ9E2i2IsfNH0BcXjyXianp/bXAyYlsSv308AfTuvBwQ==",
      "dependencies": {
        "clone": "^2.1.2",
        "eventemitter2": "^6.4.4",
        "hash-it": "^5.0.0",
        "jsonpath-plus": "^5.0.7",
        "lodash.isobjectlike": "^4.0.0"
      }
    },
    "node_modules/jsonpath-plus": {
      "version": "5.1.0",
      "resolved": "https://registry.npmjs.org/jsonpath-plus/-/jsonpath-plus-5.1.0.tgz",
      "integrity": "sha512-890w2Pjtj0iswAxalRlt2kHthi6HKrXEfZcn+ZNZptv7F3rUGIeDuZo+C+h4vXBHLEsVjJrHeCm35nYeZLzSBQ==",
      "engines": {
        "node": ">=10.0.0"
      }
    },
    "node_modules/lodash.isobjectlike": {
      "version": "4.0.0",
      "resolved": "https://registry.npmjs.org/lodash.isobjectlike/-/lodash.isobjectlike-4.0.0.tgz",
      "integrity": "sha512-bbRt0Dief0yqjkTgpvzisSxnsmY3ZgVJvokHL30UE+ytsvnpNfiNaCJL4XBEWek8koQmrwZidBHb7coXC5vXlA=="
    }
  }
}
